
Microsoft Visual Studio Solution File, Format Version 12.00
# Visual Studio 14
VisualStudioVersion = 14.0.25123.0
MinimumVisualStudioVersion = 10.0.40219.1
Project("{FAE04EC0-301F-11D3-BF4B-00C04F79EFBC}") = "KernHockey.App.Droid", "KernHockey.App\KernHockey.App.Droid\KernHockey.App.Droid.csproj", "{DC9E6446-60F1-410C-8818-8B2CF5AB435A}"
EndProject
Project("{FAE04EC0-301F-11D3-BF4B-00C04F79EFBC}") = "KernHockey.App.iOS", "KernHockey.App\KernHockey.App.iOS\KernHockey.App.iOS.csproj", "{D225CD35-8036-448C-BF90-144B00F41E8E}"
EndProject
Project("{FAE04EC0-301F-11D3-BF4B-00C04F79EFBC}") = "KernHockey.App", "KernHockey.App\KernHockey.App\KernHockey.App.csproj", "{25A0136E-6922-4EB2-9F7E-66DABBE95525}"
EndProject
Global
	GlobalSection(SolutionConfigurationPlatforms) = preSolution
		Ad-Hoc|Any CPU = Ad-Hoc|Any CPU
		Ad-Hoc|ARM = Ad-Hoc|ARM
		Ad-Hoc|iPhone = Ad-Hoc|iPhone
		Ad-Hoc|iPhoneSimulator = Ad-Hoc|iPhoneSimulator
		Ad-Hoc|x64 = Ad-Hoc|x64
		Ad-Hoc|x86 = Ad-Hoc|x86
		AppStore|Any CPU = AppStore|Any CPU
		AppStore|ARM = AppStore|ARM
		AppStore|iPhone = AppStore|iPhone
		AppStore|iPhoneSimulator = AppStore|iPhoneSimulator
		AppStore|x64 = AppStore|x64
		AppStore|x86 = AppStore|x86
		Debug|Any CPU = Debug|Any CPU
		Debug|ARM = Debug|ARM
		Debug|iPhone = Debug|iPhone
		Debug|iPhoneSimulator = Debug|iPhoneSimulator
		Debug|x64 = Debug|x64
		Debug|x86 = Debug|x86
		Release|Any CPU = Release|Any CPU
		Release|ARM = Release|ARM
		Release|iPhone = Release|iPhone
		Release|iPhoneSimulator = Release|iPhoneSimulator
		Release|x64 = Release|x64
		Release|x86 = Release|x86
	EndGlobalSection
	GlobalSection(ProjectConfigurationPlatforms) = postSolution
		{DC9E6446-60F1-410C-8818-8B2CF5AB435A}.Ad-Hoc|Any CPU.ActiveCfg = Release|Any CPU
		{DC9E6446-60F1-410C-8818-8B2CF5AB435A}.Ad-Hoc|Any CPU.Build.0 = Release|Any CPU
		{DC9E6446-60F1-410C-8818-8B2CF5AB435A}.Ad-Hoc|Any CPU.Deploy.0 = Release|Any CPU
		{DC9E6446-60F1-410C-8818-8B2CF5AB435A}.Ad-Hoc|ARM.ActiveCfg = Release|Any CPU
		{DC9E6446-60F1-410C-8818-8B2CF5AB435A}.Ad-Hoc|ARM.Build.0 = Release|Any CPU
		{DC9E6446-60F1-410C-8818-8B2CF5AB435A}.Ad-Hoc|ARM.Deploy.0 = Release|Any CPU
		{DC9E6446-60F1-410C-8818-8B2CF5AB435A}.Ad-Hoc|iPhone.ActiveCfg = Release|Any CPU
		{DC9E6446-60F1-410C-8818-8B2CF5AB435A}.Ad-Hoc|iPhone.Build.0 = Release|Any CPU
		{DC9E6446-60F1-410C-8818-8B2CF5AB435A}.Ad-Hoc|iPhone.Deploy.0 = Release|Any CPU
		{DC9E6446-60F1-410C-8818-8B2CF5AB435A}.Ad-Hoc|iPhoneSimulator.ActiveCfg = Release|Any CPU
		{DC9E6446-60F1-410C-8818-8B2CF5AB435A}.Ad-Hoc|iPhoneSimulator.Build.0 = Release|Any CPU
		{DC9E6446-60F1-410C-8818-8B2CF5AB435A}.Ad-Hoc|iPhoneSimulator.Deploy.0 = Release|Any CPU
		{DC9E6446-60F1-410C-8818-8B2CF5AB435A}.Ad-Hoc|x64.ActiveCfg = Release|Any CPU
		{DC9E6446-60F1-410C-8818-8B2CF5AB435A}.Ad-Hoc|x64.Build.0 = Release|Any CPU
		{DC9E6446-60F1-410C-8818-8B2CF5AB435A}.Ad-Hoc|x64.Deploy.0 = Release|Any CPU
		{DC9E6446-60F1-410C-8818-8B2CF5AB435A}.Ad-Hoc|x86.ActiveCfg = Release|Any CPU
		{DC9E6446-60F1-410C-8818-8B2CF5AB435A}.Ad-Hoc|x86.Build.0 = Release|Any CPU
		{DC9E6446-60F1-410C-8818-8B2CF5AB435A}.Ad-Hoc|x86.Deploy.0 = Release|Any CPU
		{DC9E6446-60F1-410C-8818-8B2CF5AB435A}.AppStore|Any CPU.ActiveCfg = Release|Any CPU
		{DC9E6446-60F1-410C-8818-8B2CF5AB435A}.AppStore|Any CPU.Build.0 = Release|Any CPU
		{DC9E6446-60F1-410C-8818-8B2CF5AB435A}.AppStore|Any CPU.Deploy.0 = Release|Any CPU
		{DC9E6446-60F1-410C-8818-8B2CF5AB435A}.AppStore|ARM.ActiveCfg = Release|Any CPU
		{DC9E6446-60F1-410C-8818-8B2CF5AB435A}.AppStore|ARM.Build.0 = Release|Any CPU
		{DC9E6446-60F1-410C-8818-8B2CF5AB435A}.AppStore|ARM.Deploy.0 = Release|Any CPU
		{DC9E6446-60F1-410C-8818-8B2CF5AB435A}.AppStore|iPhone.ActiveCfg = Release|Any CPU
		{DC9E6446-60F1-410C-8818-8B2CF5AB435A}.AppStore|iPhone.Build.0 = Release|Any CPU
		{DC9E6446-60F1-410C-8818-8B2CF5AB435A}.AppStore|iPhone.Deploy.0 = Release|Any CPU
		{DC9E6446-60F1-410C-8818-8B2CF5AB435A}.AppStore|iPhoneSimulator.ActiveCfg = Release|Any CPU
		{DC9E6446-60F1-410C-8818-8B2CF5AB435A}.AppStore|iPhoneSimulator.Build.0 = Release|Any CPU
		{DC9E6446-60F1-410C-8818-8B2CF5AB435A}.AppStore|iPhoneSimulator.Deploy.0 = Release|Any CPU
		{DC9E6446-60F1-410C-8818-8B2CF5AB435A}.AppStore|x64.ActiveCfg = Release|Any CPU
		{DC9E6446-60F1-410C-8818-8B2CF5AB435A}.AppStore|x64.Build.0 = Release|Any CPU
		{DC9E6446-60F1-410C-8818-8B2CF5AB435A}.AppStore|x64.Deploy.0 = Release|Any CPU
		{DC9E6446-60F1-410C-8818-8B2CF5AB435A}.AppStore|x86.ActiveCfg = Release|Any CPU
		{DC9E6446-60F1-410C-8818-8B2CF5AB435A}.AppStore|x86.Build.0 = Release|Any CPU
		{DC9E6446-60F1-410C-8818-8B2CF5AB435A}.AppStore|x86.Deploy.0 = Release|Any CPU
		{DC9E6446-60F1-410C-8818-8B2CF5AB435A}.Debug|Any CPU.ActiveCfg = Debug|Any CPU
		{DC9E6446-60F1-410C-8818-8B2CF5AB435A}.Debug|Any CPU.Build.0 = Debug|Any CPU
		{DC9E6446-60F1-410C-8818-8B2CF5AB435A}.Debug|Any CPU.Deploy.0 = Debug|Any CPU
		{DC9E6446-60F1-410C-8818-8B2CF5AB435A}.Debug|ARM.ActiveCfg = Debug|Any CPU
		{DC9E6446-60F1-410C-8818-8B2CF5AB435A}.Debug|ARM.Build.0 = Debug|Any CPU
		{DC9E6446-60F1-410C-8818-8B2CF5AB435A}.Debug|ARM.Deploy.0 = Debug|Any CPU
		{DC9E6446-60F1-410C-8818-8B2CF5AB435A}.Debug|iPhone.ActiveCfg = Debug|Any CPU
		{DC9E6446-60F1-410C-8818-8B2CF5AB435A}.Debug|iPhone.Build.0 = Debug|Any CPU
		{DC9E6446-60F1-410C-8818-8B2CF5AB435A}.Debug|iPhone.Deploy.0 = Debug|Any CPU
		{DC9E6446-60F1-410C-8818-8B2CF5AB435A}.Debug|iPhoneSimulator.ActiveCfg = Debug|Any CPU
		{DC9E6446-60F1-410C-8818-8B2CF5AB435A}.Debug|iPhoneSimulator.Build.0 = Debug|Any CPU
		{DC9E6446-60F1-410C-8818-8B2CF5AB435A}.Debug|iPhoneSimulator.Deploy.0 = Debug|Any CPU
		{DC9E6446-60F1-410C-8818-8B2CF5AB435A}.Debug|x64.ActiveCfg = Debug|Any CPU
		{DC9E6446-60F1-410C-8818-8B2CF5AB435A}.Debug|x64.Build.0 = Debug|Any CPU
		{DC9E6446-60F1-410C-8818-8B2CF5AB435A}.Debug|x64.Deploy.0 = Debug|Any CPU
		{DC9E6446-60F1-410C-8818-8B2CF5AB435A}.Debug|x86.ActiveCfg = Debug|Any CPU
		{DC9E6446-60F1-410C-8818-8B2CF5AB435A}.Debug|x86.Build.0 = Debug|Any CPU
		{DC9E6446-60F1-410C-8818-8B2CF5AB435A}.Debug|x86.Deploy.0 = Debug|Any CPU
		{DC9E6446-60F1-410C-8818-8B2CF5AB435A}.Release|Any CPU.ActiveCfg = Release|Any CPU
		{DC9E6446-60F1-410C-8818-8B2CF5AB435A}.Release|Any CPU.Build.0 = Release|Any CPU
		{DC9E6446-60F1-410C-8818-8B2CF5AB435A}.Release|Any CPU.Deploy.0 = Release|Any CPU
		{DC9E6446-60F1-410C-8818-8B2CF5AB435A}.Release|ARM.ActiveCfg = Release|Any CPU
		{DC9E6446-60F1-410C-8818-8B2CF5AB435A}.Release|ARM.Build.0 = Release|Any CPU
		{DC9E6446-60F1-410C-8818-8B2CF5AB435A}.Release|ARM.Deploy.0 = Release|Any CPU
		{DC9E6446-60F1-410C-8818-8B2CF5AB435A}.Release|iPhone.ActiveCfg = Release|Any CPU
		{DC9E6446-60F1-410C-8818-8B2CF5AB435A}.Release|iPhone.Build.0 = Release|Any CPU
		{DC9E6446-60F1-410C-8818-8B2CF5AB435A}.Release|iPhone.Deploy.0 = Release|Any CPU
		{DC9E6446-60F1-410C-8818-8B2CF5AB435A}.Release|iPhoneSimulator.ActiveCfg = Release|Any CPU
		{DC9E6446-60F1-410C-8818-8B2CF5AB435A}.Release|iPhoneSimulator.Build.0 = Release|Any CPU
		{DC9E6446-60F1-410C-8818-8B2CF5AB435A}.Release|iPhoneSimulator.Deploy.0 = Release|Any CPU
		{DC9E6446-60F1-410C-8818-8B2CF5AB435A}.Release|x64.ActiveCfg = Release|Any CPU
		{DC9E6446-60F1-410C-8818-8B2CF5AB435A}.Release|x64.Build.0 = Release|Any CPU
		{DC9E6446-60F1-410C-8818-8B2CF5AB435A}.Release|x64.Deploy.0 = Release|Any CPU
		{DC9E6446-60F1-410C-8818-8B2CF5AB435A}.Release|x86.ActiveCfg = Release|Any CPU
		{DC9E6446-60F1-410C-8818-8B2CF5AB435A}.Release|x86.Build.0 = Release|Any CPU
		{DC9E6446-60F1-410C-8818-8B2CF5AB435A}.Release|x86.Deploy.0 = Release|Any CPU
		{D225CD35-8036-448C-BF90-144B00F41E8E}.Ad-Hoc|Any CPU.ActiveCfg = Ad-Hoc|iPhone
		{D225CD35-8036-448C-BF90-144B00F41E8E}.Ad-Hoc|ARM.ActiveCfg = Ad-Hoc|iPhone
		{D225CD35-8036-448C-BF90-144B00F41E8E}.Ad-Hoc|iPhone.ActiveCfg = Ad-Hoc|iPhone
		{D225CD35-8036-448C-BF90-144B00F41E8E}.Ad-Hoc|iPhone.Build.0 = Ad-Hoc|iPhone
		{D225CD35-8036-448C-BF90-144B00F41E8E}.Ad-Hoc|iPhoneSimulator.ActiveCfg = Ad-Hoc|iPhoneSimulator
		{D225CD35-8036-448C-BF90-144B00F41E8E}.Ad-Hoc|iPhoneSimulator.Build.0 = Ad-Hoc|iPhoneSimulator
		{D225CD35-8036-448C-BF90-144B00F41E8E}.Ad-Hoc|x64.ActiveCfg = Ad-Hoc|iPhone
		{D225CD35-8036-448C-BF90-144B00F41E8E}.Ad-Hoc|x86.ActiveCfg = Ad-Hoc|iPhone
		{D225CD35-8036-448C-BF90-144B00F41E8E}.AppStore|Any CPU.ActiveCfg = AppStore|iPhone
		{D225CD35-8036-448C-BF90-144B00F41E8E}.AppStore|ARM.ActiveCfg = AppStore|iPhone
		{D225CD35-8036-448C-BF90-144B00F41E8E}.AppStore|iPhone.ActiveCfg = AppStore|iPhone
		{D225CD35-8036-448C-BF90-144B00F41E8E}.AppStore|iPhone.Build.0 = AppStore|iPhone
		{D225CD35-8036-448C-BF90-144B00F41E8E}.AppStore|iPhoneSimulator.ActiveCfg = AppStore|iPhoneSimulator
		{D225CD35-8036-448C-BF90-144B00F41E8E}.AppStore|iPhoneSimulator.Build.0 = AppStore|iPhoneSimulator
		{D225CD35-8036-448C-BF90-144B00F41E8E}.AppStore|x64.ActiveCfg = AppStore|iPhone
		{D225CD35-8036-448C-BF90-144B00F41E8E}.AppStore|x86.ActiveCfg = AppStore|iPhone
		{D225CD35-8036-448C-BF90-144B00F41E8E}.Debug|Any CPU.ActiveCfg = Debug|iPhone
		{D225CD35-8036-448C-BF90-144B00F41E8E}.Debug|ARM.ActiveCfg = Debug|iPhone
		{D225CD35-8036-448C-BF90-144B00F41E8E}.Debug|iPhone.ActiveCfg = Debug|iPhone
		{D225CD35-8036-448C-BF90-144B00F41E8E}.Debug|iPhone.Build.0 = Debug|iPhone
		{D225CD35-8036-448C-BF90-144B00F41E8E}.Debug|iPhoneSimulator.ActiveCfg = Debug|iPhoneSimulator
		{D225CD35-8036-448C-BF90-144B00F41E8E}.Debug|iPhoneSimulator.Build.0 = Debug|iPhoneSimulator
		{D225CD35-8036-448C-BF90-144B00F41E8E}.Debug|x64.ActiveCfg = Debug|iPhone
		{D225CD35-8036-448C-BF90-144B00F41E8E}.Debug|x86.ActiveCfg = Debug|iPhone
		{D225CD35-8036-448C-BF90-144B00F41E8E}.Release|Any CPU.ActiveCfg = Release|iPhone
		{D225CD35-8036-448C-BF90-144B00F41E8E}.Release|ARM.ActiveCfg = Release|iPhone
		{D225CD35-8036-448C-BF90-144B00F41E8E}.Release|iPhone.ActiveCfg = Release|iPhone
		{D225CD35-8036-448C-BF90-144B00F41E8E}.Release|iPhone.Build.0 = Release|iPhone
		{D225CD35-8036-448C-BF90-144B00F41E8E}.Release|iPhoneSimulator.ActiveCfg = Release|iPhoneSimulator
		{D225CD35-8036-448C-BF90-144B00F41E8E}.Release|iPhoneSimulator.Build.0 = Release|iPhoneSimulator
		{D225CD35-8036-448C-BF90-144B00F41E8E}.Release|x64.ActiveCfg = Release|iPhone
		{D225CD35-8036-448C-BF90-144B00F41E8E}.Release|x86.ActiveCfg = Release|iPhone
		{25A0136E-6922-4EB2-9F7E-66DABBE95525}.Ad-Hoc|Any CPU.ActiveCfg = Release|Any CPU
		{25A0136E-6922-4EB2-9F7E-66DABBE95525}.Ad-Hoc|Any CPU.Build.0 = Release|Any CPU
		{25A0136E-6922-4EB2-9F7E-66DABBE95525}.Ad-Hoc|ARM.ActiveCfg = Release|Any CPU
		{25A0136E-6922-4EB2-9F7E-66DABBE95525}.Ad-Hoc|ARM.Build.0 = Release|Any CPU
		{25A0136E-6922-4EB2-9F7E-66DABBE95525}.Ad-Hoc|iPhone.ActiveCfg = Release|Any CPU
		{25A0136E-6922-4EB2-9F7E-66DABBE95525}.Ad-Hoc|iPhone.Build.0 = Release|Any CPU
		{25A0136E-6922-4EB2-9F7E-66DABBE95525}.Ad-Hoc|iPhoneSimulator.ActiveCfg = Release|Any CPU
		{25A0136E-6922-4EB2-9F7E-66DABBE95525}.Ad-Hoc|iPhoneSimulator.Build.0 = Release|Any CPU
		{25A0136E-6922-4EB2-9F7E-66DABBE95525}.Ad-Hoc|x64.ActiveCfg = Release|Any CPU
		{25A0136E-6922-4EB2-9F7E-66DABBE95525}.Ad-Hoc|x64.Build.0 = Release|Any CPU
		{25A0136E-6922-4EB2-9F7E-66DABBE95525}.Ad-Hoc|x86.ActiveCfg = Release|Any CPU
		{25A0136E-6922-4EB2-9F7E-66DABBE95525}.Ad-Hoc|x86.Build.0 = Release|Any CPU
		{25A0136E-6922-4EB2-9F7E-66DABBE95525}.AppStore|Any CPU.ActiveCfg = Release|Any CPU
		{25A0136E-6922-4EB2-9F7E-66DABBE95525}.AppStore|Any CPU.Build.0 = Release|Any CPU
		{25A0136E-6922-4EB2-9F7E-66DABBE95525}.AppStore|ARM.ActiveCfg = Release|Any CPU
		{25A0136E-6922-4EB2-9F7E-66DABBE95525}.AppStore|ARM.Build.0 = Release|Any CPU
		{25A0136E-6922-4EB2-9F7E-66DABBE95525}.AppStore|iPhone.ActiveCfg = Release|Any CPU
		{25A0136E-6922-4EB2-9F7E-66DABBE95525}.AppStore|iPhone.Build.0 = Release|Any CPU
		{25A0136E-6922-4EB2-9F7E-66DABBE95525}.AppStore|iPhoneSimulator.ActiveCfg = Release|Any CPU
		{25A0136E-6922-4EB2-9F7E-66DABBE95525}.AppStore|iPhoneSimulator.Build.0 = Release|Any CPU
		{25A0136E-6922-4EB2-9F7E-66DABBE95525}.AppStore|x64.ActiveCfg = Release|Any CPU
		{25A0136E-6922-4EB2-9F7E-66DABBE95525}.AppStore|x64.Build.0 = Release|Any CPU
		{25A0136E-6922-4EB2-9F7E-66DABBE95525}.AppStore|x86.ActiveCfg = Release|Any CPU
		{25A0136E-6922-4EB2-9F7E-66DABBE95525}.AppStore|x86.Build.0 = Release|Any CPU
		{25A0136E-6922-4EB2-9F7E-66DABBE95525}.Debug|Any CPU.ActiveCfg = Debug|Any CPU
		{25A0136E-6922-4EB2-9F7E-66DABBE95525}.Debug|Any CPU.Build.0 = Debug|Any CPU
		{25A0136E-6922-4EB2-9F7E-66DABBE95525}.Debug|ARM.ActiveCfg = Debug|Any CPU
		{25A0136E-6922-4EB2-9F7E-66DABBE95525}.Debug|ARM.Build.0 = Debug|Any CPU
		{25A0136E-6922-4EB2-9F7E-66DABBE95525}.Debug|iPhone.ActiveCfg = Debug|Any CPU
		{25A0136E-6922-4EB2-9F7E-66DABBE95525}.Debug|iPhone.Build.0 = Debug|Any CPU
		{25A0136E-6922-4EB2-9F7E-66DABBE95525}.Debug|iPhoneSimulator.ActiveCfg = Debug|Any CPU
		{25A0136E-6922-4EB2-9F7E-66DABBE95525}.Debug|iPhoneSimulator.Build.0 = Debug|Any CPU
		{25A0136E-6922-4EB2-9F7E-66DABBE95525}.Debug|x64.ActiveCfg = Debug|Any CPU
		{25A0136E-6922-4EB2-9F7E-66DABBE95525}.Debug|x64.Build.0 = Debug|Any CPU
		{25A0136E-6922-4EB2-9F7E-66DABBE95525}.Debug|x86.ActiveCfg = Debug|Any CPU
		{25A0136E-6922-4EB2-9F7E-66DABBE95525}.Debug|x86.Build.0 = Debug|Any CPU
		{25A0136E-6922-4EB2-9F7E-66DABBE95525}.Release|Any CPU.ActiveCfg = Release|Any CPU
		{25A0136E-6922-4EB2-9F7E-66DABBE95525}.Release|Any CPU.Build.0 = Release|Any CPU
		{25A0136E-6922-4EB2-9F7E-66DABBE95525}.Release|ARM.ActiveCfg = Release|Any CPU
		{25A0136E-6922-4EB2-9F7E-66DABBE95525}.Release|ARM.Build.0 = Release|Any CPU
		{25A0136E-6922-4EB2-9F7E-66DABBE95525}.Release|iPhone.ActiveCfg = Release|Any CPU
		{25A0136E-6922-4EB2-9F7E-66DABBE95525}.Release|iPhone.Build.0 = Release|Any CPU
		{25A0136E-6922-4EB2-9F7E-66DABBE95525}.Release|iPhoneSimulator.ActiveCfg = Release|Any CPU
		{25A0136E-6922-4EB2-9F7E-66DABBE95525}.Release|iPhoneSimulator.Build.0 = Release|Any CPU
		{25A0136E-6922-4EB2-9F7E-66DABBE95525}.Release|x64.ActiveCfg = Release|Any CPU
		{25A0136E-6922-4EB2-9F7E-66DABBE95525}.Release|x64.Build.0 = Release|Any CPU
		{25A0136E-6922-4EB2-9F7E-66DABBE95525}.Release|x86.ActiveCfg = Release|Any CPU
		{25A0136E-6922-4EB2-9F7E-66DABBE95525}.Release|x86.Build.0 = Release|Any CPU
	EndGlobalSection
	GlobalSection(SolutionProperties) = preSolution
		HideSolutionNode = FALSE
	EndGlobalSection
EndGlobal
